
Microsoft Visual Studio Solution File, Format Version 12.00
# Visual Studio Version 17
VisualStudioVersion = 17.14.36908.2 d17.14
MinimumVisualStudioVersion = 10.0.40219.1
Project("{FAE04EC0-301F-11D3-BF4B-00C04F79EFBC}") = "HungrySnakeV2_0", "HungrySnakeV2_0\HungrySnakeV2_0.csproj", "{F9CCBB74-0B50-4E01-935C-44BC4F55CC6A}"
EndProject
Global
	GlobalSection(SolutionConfigurationPlatforms) = preSolution
		Debug|Any CPU = Debug|Any CPU
		Release|Any CPU = Release|Any CPU
	EndGlobalSection
	GlobalSection(ProjectConfigurationPlatforms) = postSolution
		{F9CCBB74-0B50-4E01-935C-44BC4F55CC6A}.Debug|Any CPU.ActiveCfg = Debug|Any CPU
		{F9CCBB74-0B50-4E01-935C-44BC4F55CC6A}.Debug|Any CPU.Build.0 = Debug|Any CPU
		{F9CCBB74-0B50-4E01-935C-44BC4F55CC6A}.Release|Any CPU.ActiveCfg = Release|Any CPU
		{F9CCBB74-0B50-4E01-935C-44BC4F55CC6A}.Release|Any CPU.Build.0 = Release|Any CPU
	EndGlobalSection
	GlobalSection(SolutionProperties) = preSolution
		HideSolutionNode = FALSE
	EndGlobalSection
	GlobalSection(ExtensibilityGlobals) = postSolution
		SolutionGuid = {DB5F8160-AE1E-47AB-B176-1F2D0D1F9A34}
	EndGlobalSection
EndGlobal
