<Solution>
  <Project Path="GmnClass001/GmnClass001.csproj" />
  <Project Path="GmnClass002/GmnClass002.csproj" />
  <Project Path="GmnClass003/GmnClass003.csproj" />
  <Project Path="GmnClass004/GmnClass004.csproj" />
  <Project Path="GmnClass005/GmnClass005.csproj" />
  <Project Path="GmnClass006/GmnClass006.csproj" />
  <Project Path="GmnClass007/GmnClass007.csproj" />
  <Project Path="GmnClass008/GmnClass008.csproj" />
  <Project Path="GPTClass001/GPTClass001.csproj" />
  <Project Path="GPTClass002/GPTClass002.csproj" />
  <Project Path="GPTClass003/GPTClass003.csproj" />
  <Project Path="GPTClass004/GPTClass004.csproj" />
  <Project Path="GPTClass005/GPTClass005.csproj" />
  <Project Path="GPTClass006/GPTClass006.csproj" />
  <Project Path="GPTClass007/GPTClass007.csproj" />
  <Project Path="GPTClass008/GPTClass008.csproj" />
  <Project Path="GPTClass009/GPTClass009.csproj" />
</Solution>
