
Microsoft Visual Studio Solution File, Format Version 12.00
# Visual Studio Version 17
VisualStudioVersion = 17.14.36908.2 d17.14
MinimumVisualStudioVersion = 10.0.40219.1
Project("{FAE04EC0-301F-11D3-BF4B-00C04F79EFBC}") = "SavePrincessV_2_0", "SavePrincessV_2_0\SavePrincessV_2_0.csproj", "{8724630A-B0F3-4FB7-9CD5-10639681850E}"
EndProject
Global
	GlobalSection(SolutionConfigurationPlatforms) = preSolution
		Debug|Any CPU = Debug|Any CPU
		Release|Any CPU = Release|Any CPU
	EndGlobalSection
	GlobalSection(ProjectConfigurationPlatforms) = postSolution
		{8724630A-B0F3-4FB7-9CD5-10639681850E}.Debug|Any CPU.ActiveCfg = Debug|Any CPU
		{8724630A-B0F3-4FB7-9CD5-10639681850E}.Debug|Any CPU.Build.0 = Debug|Any CPU
		{8724630A-B0F3-4FB7-9CD5-10639681850E}.Release|Any CPU.ActiveCfg = Release|Any CPU
		{8724630A-B0F3-4FB7-9CD5-10639681850E}.Release|Any CPU.Build.0 = Release|Any CPU
	EndGlobalSection
	GlobalSection(SolutionProperties) = preSolution
		HideSolutionNode = FALSE
	EndGlobalSection
	GlobalSection(ExtensibilityGlobals) = postSolution
		SolutionGuid = {5861FCC3-5AE8-4798-920F-D34EFF0FFF2C}
	EndGlobalSection
EndGlobal
