
Microsoft Visual Studio Solution File, Format Version 12.00
# Visual Studio Version 17
VisualStudioVersion = 17.14.36908.2 d17.14
MinimumVisualStudioVersion = 10.0.40219.1
Project("{FAE04EC0-301F-11D3-BF4B-00C04F79EFBC}") = "FlyChessV2_0", "FlyChessV2_0\FlyChessV2_0.csproj", "{AA7AB474-CDFF-4114-AAFD-0D21153E85FD}"
EndProject
Global
	GlobalSection(SolutionConfigurationPlatforms) = preSolution
		Debug|Any CPU = Debug|Any CPU
		Release|Any CPU = Release|Any CPU
	EndGlobalSection
	GlobalSection(ProjectConfigurationPlatforms) = postSolution
		{AA7AB474-CDFF-4114-AAFD-0D21153E85FD}.Debug|Any CPU.ActiveCfg = Debug|Any CPU
		{AA7AB474-CDFF-4114-AAFD-0D21153E85FD}.Debug|Any CPU.Build.0 = Debug|Any CPU
		{AA7AB474-CDFF-4114-AAFD-0D21153E85FD}.Release|Any CPU.ActiveCfg = Release|Any CPU
		{AA7AB474-CDFF-4114-AAFD-0D21153E85FD}.Release|Any CPU.Build.0 = Release|Any CPU
	EndGlobalSection
	GlobalSection(SolutionProperties) = preSolution
		HideSolutionNode = FALSE
	EndGlobalSection
	GlobalSection(ExtensibilityGlobals) = postSolution
		SolutionGuid = {6F98AC1B-585A-45ED-92D4-A5FB15ECA549}
	EndGlobalSection
EndGlobal
